
Microsoft Visual Studio Solution File, Format Version 12.00
# Visual Studio Version 16
VisualStudioVersion = 16.0.29806.167
MinimumVisualStudioVersion = 10.0.40219.1
Project("{FAE04EC0-301F-11D3-BF4B-00C04F79EFBC}") = "Univision.Main", "Univision.Main\Univision.Main.csproj", "{BC6F2A86-4D27-4375-8A81-C5FA8DA1C7B5}"
	ProjectSection(ProjectDependencies) = postProject
		{19F69B4A-204A-40E5-9F44-01081EAF99A2} = {19F69B4A-204A-40E5-9F44-01081EAF99A2}
		{DE6261DC-6601-4538-B2DD-7B4030F66D6F} = {DE6261DC-6601-4538-B2DD-7B4030F66D6F}
	EndProjectSection
EndProject
Project("{FAE04EC0-301F-11D3-BF4B-00C04F79EFBC}") = "Univision.Core", "Univision.Core\Univision.Core.csproj", "{19F69B4A-204A-40E5-9F44-01081EAF99A2}"
EndProject
Project("{2150E333-8FDC-42A3-9474-1A3956D46DE8}") = "01_Core", "01_Core", "{97E3BCFC-AA87-4E38-B40C-BAC477894F3E}"
EndProject
Project("{2150E333-8FDC-42A3-9474-1A3956D46DE8}") = "02_Web", "02_Web", "{3589AED6-383C-4F21-8955-49CEA6B23205}"
EndProject
Project("{2150E333-8FDC-42A3-9474-1A3956D46DE8}") = "03_Etc", "03_Etc", "{62C49184-DB39-4433-A1FD-04DEF121E861}"
EndProject
Project("{FAE04EC0-301F-11D3-BF4B-00C04F79EFBC}") = "Univision.CompanyUpload", "Univision.CompanyUpload\Univision.CompanyUpload.csproj", "{CF419939-FA76-4779-B3A0-6386753BF888}"
EndProject
Project("{2150E333-8FDC-42A3-9474-1A3956D46DE8}") = "00_Schema", "00_Schema", "{BD8AFBAC-05AA-4A2B-B0DA-345DD6EC4BDD}"
EndProject
Project("{2150E333-8FDC-42A3-9474-1A3956D46DE8}") = "01_Table Schema", "01_Table Schema", "{D09D8057-D4EF-4DEB-85F5-BA13C9F57539}"
EndProject
Project("{2150E333-8FDC-42A3-9474-1A3956D46DE8}") = "00_Query", "00_Query", "{A5F91835-36D6-4261-84D5-4F7FDCCF86A7}"
EndProject
Project("{2150E333-8FDC-42A3-9474-1A3956D46DE8}") = "02_Etc", "02_Etc", "{B826C109-D421-4370-9894-EFCE487853F2}"
EndProject
Project("{FAE04EC0-301F-11D3-BF4B-00C04F79EFBC}") = "UnivisionCon.IndexRebuild", "UnivisionCon.IndexRebuild\UnivisionCon.IndexRebuild.csproj", "{E0E87E12-395D-4CD1-BFFD-28D8477A6163}"
EndProject
Project("{FAE04EC0-301F-11D3-BF4B-00C04F79EFBC}") = "Univision.AllowIP", "Univision.AllowIP\Univision.AllowIP.csproj", "{AF3DF01D-AD5D-49E4-8CE8-299A98E15F49}"
EndProject
Project("{FAE04EC0-301F-11D3-BF4B-00C04F79EFBC}") = "Univision.CryptPassword", "Univision.CryptPassword\Univision.CryptPassword.csproj", "{C49B5271-623C-4ACE-BFE2-1FCC21CE6E65}"
EndProject
Project("{FAE04EC0-301F-11D3-BF4B-00C04F79EFBC}") = "Univision.WeeklyMail", "Univision.WeeklyMail\Univision.WeeklyMail.csproj", "{A9C99CB9-27EF-42B7-A797-265434C7878E}"
	ProjectSection(ProjectDependencies) = postProject
		{19F69B4A-204A-40E5-9F44-01081EAF99A2} = {19F69B4A-204A-40E5-9F44-01081EAF99A2}
	EndProjectSection
EndProject
Project("{FAE04EC0-301F-11D3-BF4B-00C04F79EFBC}") = "Univision.Exchange", "Univision.Exchange\Univision.Exchange.csproj", "{8B9529F8-D579-4895-8970-E40BBC7C6AEB}"
EndProject
Project("{FAE04EC0-301F-11D3-BF4B-00C04F79EFBC}") = "Univision.WeeklyAppointment", "Univision.WeeklyAppointment\Univision.WeeklyAppointment.csproj", "{8A48CE58-0894-4907-80B2-C5AD1D6C69EA}"
EndProject
Project("{FAE04EC0-301F-11D3-BF4B-00C04F79EFBC}") = "Univision.Remember.RestfulServer", "Univision.Remember.RestfulServer\Univision.Remember.RestfulServer.csproj", "{7550E823-C207-4D9E-939D-046AAF0FDA20}"
EndProject
Project("{FAE04EC0-301F-11D3-BF4B-00C04F79EFBC}") = "Univision.GetHompage", "Univision.GetHompage\Univision.GetHompage.csproj", "{CCC2308D-FFA9-48AC-AC71-372793B59883}"
EndProject
Project("{FAE04EC0-301F-11D3-BF4B-00C04F79EFBC}") = "Univision.ResumeGPTAuto", "Univision.ResumeGPTAuto\Univision.ResumeGPTAuto.csproj", "{0A5A44BF-8A93-4CDC-AD94-FFBE1F9DB348}"
EndProject
Project("{FAE04EC0-301F-11D3-BF4B-00C04F79EFBC}") = "GPT.Core", "GPT.Core\GPT.Core.csproj", "{DE6261DC-6601-4538-B2DD-7B4030F66D6F}"
EndProject
Global
	GlobalSection(SolutionConfigurationPlatforms) = preSolution
		Debug|Any CPU = Debug|Any CPU
		Debug|x64 = Debug|x64
		Release|Any CPU = Release|Any CPU
		Release|x64 = Release|x64
	EndGlobalSection
	GlobalSection(ProjectConfigurationPlatforms) = postSolution
		{BC6F2A86-4D27-4375-8A81-C5FA8DA1C7B5}.Debug|Any CPU.ActiveCfg = Debug|Any CPU
		{BC6F2A86-4D27-4375-8A81-C5FA8DA1C7B5}.Debug|Any CPU.Build.0 = Debug|Any CPU
		{BC6F2A86-4D27-4375-8A81-C5FA8DA1C7B5}.Debug|x64.ActiveCfg = Debug|Any CPU
		{BC6F2A86-4D27-4375-8A81-C5FA8DA1C7B5}.Debug|x64.Build.0 = Debug|Any CPU
		{BC6F2A86-4D27-4375-8A81-C5FA8DA1C7B5}.Release|Any CPU.ActiveCfg = Release|Any CPU
		{BC6F2A86-4D27-4375-8A81-C5FA8DA1C7B5}.Release|Any CPU.Build.0 = Release|Any CPU
		{BC6F2A86-4D27-4375-8A81-C5FA8DA1C7B5}.Release|x64.ActiveCfg = Release|Any CPU
		{BC6F2A86-4D27-4375-8A81-C5FA8DA1C7B5}.Release|x64.Build.0 = Release|Any CPU
		{19F69B4A-204A-40E5-9F44-01081EAF99A2}.Debug|Any CPU.ActiveCfg = Debug|Any CPU
		{19F69B4A-204A-40E5-9F44-01081EAF99A2}.Debug|Any CPU.Build.0 = Debug|Any CPU
		{19F69B4A-204A-40E5-9F44-01081EAF99A2}.Debug|x64.ActiveCfg = Debug|Any CPU
		{19F69B4A-204A-40E5-9F44-01081EAF99A2}.Debug|x64.Build.0 = Debug|Any CPU
		{19F69B4A-204A-40E5-9F44-01081EAF99A2}.Release|Any CPU.ActiveCfg = Release|Any CPU
		{19F69B4A-204A-40E5-9F44-01081EAF99A2}.Release|Any CPU.Build.0 = Release|Any CPU
		{19F69B4A-204A-40E5-9F44-01081EAF99A2}.Release|x64.ActiveCfg = Release|Any CPU
		{19F69B4A-204A-40E5-9F44-01081EAF99A2}.Release|x64.Build.0 = Release|Any CPU
		{CF419939-FA76-4779-B3A0-6386753BF888}.Debug|Any CPU.ActiveCfg = Debug|Any CPU
		{CF419939-FA76-4779-B3A0-6386753BF888}.Debug|Any CPU.Build.0 = Debug|Any CPU
		{CF419939-FA76-4779-B3A0-6386753BF888}.Debug|x64.ActiveCfg = Debug|Any CPU
		{CF419939-FA76-4779-B3A0-6386753BF888}.Debug|x64.Build.0 = Debug|Any CPU
		{CF419939-FA76-4779-B3A0-6386753BF888}.Release|Any CPU.ActiveCfg = Release|Any CPU
		{CF419939-FA76-4779-B3A0-6386753BF888}.Release|Any CPU.Build.0 = Release|Any CPU
		{CF419939-FA76-4779-B3A0-6386753BF888}.Release|x64.ActiveCfg = Release|Any CPU
		{CF419939-FA76-4779-B3A0-6386753BF888}.Release|x64.Build.0 = Release|Any CPU
		{E0E87E12-395D-4CD1-BFFD-28D8477A6163}.Debug|Any CPU.ActiveCfg = Debug|Any CPU
		{E0E87E12-395D-4CD1-BFFD-28D8477A6163}.Debug|Any CPU.Build.0 = Debug|Any CPU
		{E0E87E12-395D-4CD1-BFFD-28D8477A6163}.Debug|x64.ActiveCfg = Debug|Any CPU
		{E0E87E12-395D-4CD1-BFFD-28D8477A6163}.Debug|x64.Build.0 = Debug|Any CPU
		{E0E87E12-395D-4CD1-BFFD-28D8477A6163}.Release|Any CPU.ActiveCfg = Release|Any CPU
		{E0E87E12-395D-4CD1-BFFD-28D8477A6163}.Release|Any CPU.Build.0 = Release|Any CPU
		{E0E87E12-395D-4CD1-BFFD-28D8477A6163}.Release|x64.ActiveCfg = Release|Any CPU
		{E0E87E12-395D-4CD1-BFFD-28D8477A6163}.Release|x64.Build.0 = Release|Any CPU
		{AF3DF01D-AD5D-49E4-8CE8-299A98E15F49}.Debug|Any CPU.ActiveCfg = Debug|Any CPU
		{AF3DF01D-AD5D-49E4-8CE8-299A98E15F49}.Debug|Any CPU.Build.0 = Debug|Any CPU
		{AF3DF01D-AD5D-49E4-8CE8-299A98E15F49}.Debug|x64.ActiveCfg = Debug|Any CPU
		{AF3DF01D-AD5D-49E4-8CE8-299A98E15F49}.Debug|x64.Build.0 = Debug|Any CPU
		{AF3DF01D-AD5D-49E4-8CE8-299A98E15F49}.Release|Any CPU.ActiveCfg = Release|Any CPU
		{AF3DF01D-AD5D-49E4-8CE8-299A98E15F49}.Release|Any CPU.Build.0 = Release|Any CPU
		{AF3DF01D-AD5D-49E4-8CE8-299A98E15F49}.Release|x64.ActiveCfg = Release|Any CPU
		{AF3DF01D-AD5D-49E4-8CE8-299A98E15F49}.Release|x64.Build.0 = Release|Any CPU
		{C49B5271-623C-4ACE-BFE2-1FCC21CE6E65}.Debug|Any CPU.ActiveCfg = Debug|Any CPU
		{C49B5271-623C-4ACE-BFE2-1FCC21CE6E65}.Debug|Any CPU.Build.0 = Debug|Any CPU
		{C49B5271-623C-4ACE-BFE2-1FCC21CE6E65}.Debug|x64.ActiveCfg = Debug|Any CPU
		{C49B5271-623C-4ACE-BFE2-1FCC21CE6E65}.Debug|x64.Build.0 = Debug|Any CPU
		{C49B5271-623C-4ACE-BFE2-1FCC21CE6E65}.Release|Any CPU.ActiveCfg = Release|Any CPU
		{C49B5271-623C-4ACE-BFE2-1FCC21CE6E65}.Release|Any CPU.Build.0 = Release|Any CPU
		{C49B5271-623C-4ACE-BFE2-1FCC21CE6E65}.Release|x64.ActiveCfg = Release|Any CPU
		{C49B5271-623C-4ACE-BFE2-1FCC21CE6E65}.Release|x64.Build.0 = Release|Any CPU
		{A9C99CB9-27EF-42B7-A797-265434C7878E}.Debug|Any CPU.ActiveCfg = Debug|Any CPU
		{A9C99CB9-27EF-42B7-A797-265434C7878E}.Debug|Any CPU.Build.0 = Debug|Any CPU
		{A9C99CB9-27EF-42B7-A797-265434C7878E}.Debug|x64.ActiveCfg = Debug|Any CPU
		{A9C99CB9-27EF-42B7-A797-265434C7878E}.Debug|x64.Build.0 = Debug|Any CPU
		{A9C99CB9-27EF-42B7-A797-265434C7878E}.Release|Any CPU.ActiveCfg = Release|Any CPU
		{A9C99CB9-27EF-42B7-A797-265434C7878E}.Release|Any CPU.Build.0 = Release|Any CPU
		{A9C99CB9-27EF-42B7-A797-265434C7878E}.Release|x64.ActiveCfg = Release|Any CPU
		{A9C99CB9-27EF-42B7-A797-265434C7878E}.Release|x64.Build.0 = Release|Any CPU
		{8B9529F8-D579-4895-8970-E40BBC7C6AEB}.Debug|Any CPU.ActiveCfg = Debug|Any CPU
		{8B9529F8-D579-4895-8970-E40BBC7C6AEB}.Debug|Any CPU.Build.0 = Debug|Any CPU
		{8B9529F8-D579-4895-8970-E40BBC7C6AEB}.Debug|x64.ActiveCfg = Debug|Any CPU
		{8B9529F8-D579-4895-8970-E40BBC7C6AEB}.Debug|x64.Build.0 = Debug|Any CPU
		{8B9529F8-D579-4895-8970-E40BBC7C6AEB}.Release|Any CPU.ActiveCfg = Release|Any CPU
		{8B9529F8-D579-4895-8970-E40BBC7C6AEB}.Release|Any CPU.Build.0 = Release|Any CPU
		{8B9529F8-D579-4895-8970-E40BBC7C6AEB}.Release|x64.ActiveCfg = Release|Any CPU
		{8B9529F8-D579-4895-8970-E40BBC7C6AEB}.Release|x64.Build.0 = Release|Any CPU
		{8A48CE58-0894-4907-80B2-C5AD1D6C69EA}.Debug|Any CPU.ActiveCfg = Debug|Any CPU
		{8A48CE58-0894-4907-80B2-C5AD1D6C69EA}.Debug|Any CPU.Build.0 = Debug|Any CPU
		{8A48CE58-0894-4907-80B2-C5AD1D6C69EA}.Debug|x64.ActiveCfg = Debug|Any CPU
		{8A48CE58-0894-4907-80B2-C5AD1D6C69EA}.Debug|x64.Build.0 = Debug|Any CPU
		{8A48CE58-0894-4907-80B2-C5AD1D6C69EA}.Release|Any CPU.ActiveCfg = Release|Any CPU
		{8A48CE58-0894-4907-80B2-C5AD1D6C69EA}.Release|Any CPU.Build.0 = Release|Any CPU
		{8A48CE58-0894-4907-80B2-C5AD1D6C69EA}.Release|x64.ActiveCfg = Release|Any CPU
		{8A48CE58-0894-4907-80B2-C5AD1D6C69EA}.Release|x64.Build.0 = Release|Any CPU
		{7550E823-C207-4D9E-939D-046AAF0FDA20}.Debug|Any CPU.ActiveCfg = Debug|Any CPU
		{7550E823-C207-4D9E-939D-046AAF0FDA20}.Debug|Any CPU.Build.0 = Debug|Any CPU
		{7550E823-C207-4D9E-939D-046AAF0FDA20}.Debug|x64.ActiveCfg = Debug|Any CPU
		{7550E823-C207-4D9E-939D-046AAF0FDA20}.Debug|x64.Build.0 = Debug|Any CPU
		{7550E823-C207-4D9E-939D-046AAF0FDA20}.Release|Any CPU.ActiveCfg = Release|Any CPU
		{7550E823-C207-4D9E-939D-046AAF0FDA20}.Release|Any CPU.Build.0 = Release|Any CPU
		{7550E823-C207-4D9E-939D-046AAF0FDA20}.Release|x64.ActiveCfg = Release|Any CPU
		{7550E823-C207-4D9E-939D-046AAF0FDA20}.Release|x64.Build.0 = Release|Any CPU
		{CCC2308D-FFA9-48AC-AC71-372793B59883}.Debug|Any CPU.ActiveCfg = Debug|Any CPU
		{CCC2308D-FFA9-48AC-AC71-372793B59883}.Debug|Any CPU.Build.0 = Debug|Any CPU
		{CCC2308D-FFA9-48AC-AC71-372793B59883}.Debug|x64.ActiveCfg = Debug|Any CPU
		{CCC2308D-FFA9-48AC-AC71-372793B59883}.Debug|x64.Build.0 = Debug|Any CPU
		{CCC2308D-FFA9-48AC-AC71-372793B59883}.Release|Any CPU.ActiveCfg = Release|Any CPU
		{CCC2308D-FFA9-48AC-AC71-372793B59883}.Release|Any CPU.Build.0 = Release|Any CPU
		{CCC2308D-FFA9-48AC-AC71-372793B59883}.Release|x64.ActiveCfg = Release|Any CPU
		{CCC2308D-FFA9-48AC-AC71-372793B59883}.Release|x64.Build.0 = Release|Any CPU
		{0A5A44BF-8A93-4CDC-AD94-FFBE1F9DB348}.Debug|Any CPU.ActiveCfg = Debug|Any CPU
		{0A5A44BF-8A93-4CDC-AD94-FFBE1F9DB348}.Debug|Any CPU.Build.0 = Debug|Any CPU
		{0A5A44BF-8A93-4CDC-AD94-FFBE1F9DB348}.Debug|x64.ActiveCfg = Debug|Any CPU
		{0A5A44BF-8A93-4CDC-AD94-FFBE1F9DB348}.Debug|x64.Build.0 = Debug|Any CPU
		{0A5A44BF-8A93-4CDC-AD94-FFBE1F9DB348}.Release|Any CPU.ActiveCfg = Release|Any CPU
		{0A5A44BF-8A93-4CDC-AD94-FFBE1F9DB348}.Release|Any CPU.Build.0 = Release|Any CPU
		{0A5A44BF-8A93-4CDC-AD94-FFBE1F9DB348}.Release|x64.ActiveCfg = Release|Any CPU
		{0A5A44BF-8A93-4CDC-AD94-FFBE1F9DB348}.Release|x64.Build.0 = Release|Any CPU
		{DE6261DC-6601-4538-B2DD-7B4030F66D6F}.Debug|Any CPU.ActiveCfg = Debug|Any CPU
		{DE6261DC-6601-4538-B2DD-7B4030F66D6F}.Debug|Any CPU.Build.0 = Debug|Any CPU
		{DE6261DC-6601-4538-B2DD-7B4030F66D6F}.Debug|x64.ActiveCfg = Debug|Any CPU
		{DE6261DC-6601-4538-B2DD-7B4030F66D6F}.Debug|x64.Build.0 = Debug|Any CPU
		{DE6261DC-6601-4538-B2DD-7B4030F66D6F}.Release|Any CPU.ActiveCfg = Release|Any CPU
		{DE6261DC-6601-4538-B2DD-7B4030F66D6F}.Release|Any CPU.Build.0 = Release|Any CPU
		{DE6261DC-6601-4538-B2DD-7B4030F66D6F}.Release|x64.ActiveCfg = Release|Any CPU
		{DE6261DC-6601-4538-B2DD-7B4030F66D6F}.Release|x64.Build.0 = Release|Any CPU
	EndGlobalSection
	GlobalSection(SolutionProperties) = preSolution
		HideSolutionNode = FALSE
	EndGlobalSection
	GlobalSection(NestedProjects) = preSolution
		{BC6F2A86-4D27-4375-8A81-C5FA8DA1C7B5} = {3589AED6-383C-4F21-8955-49CEA6B23205}
		{19F69B4A-204A-40E5-9F44-01081EAF99A2} = {97E3BCFC-AA87-4E38-B40C-BAC477894F3E}
		{CF419939-FA76-4779-B3A0-6386753BF888} = {62C49184-DB39-4433-A1FD-04DEF121E861}
		{D09D8057-D4EF-4DEB-85F5-BA13C9F57539} = {BD8AFBAC-05AA-4A2B-B0DA-345DD6EC4BDD}
		{A5F91835-36D6-4261-84D5-4F7FDCCF86A7} = {BD8AFBAC-05AA-4A2B-B0DA-345DD6EC4BDD}
		{B826C109-D421-4370-9894-EFCE487853F2} = {BD8AFBAC-05AA-4A2B-B0DA-345DD6EC4BDD}
		{E0E87E12-395D-4CD1-BFFD-28D8477A6163} = {62C49184-DB39-4433-A1FD-04DEF121E861}
		{AF3DF01D-AD5D-49E4-8CE8-299A98E15F49} = {62C49184-DB39-4433-A1FD-04DEF121E861}
		{C49B5271-623C-4ACE-BFE2-1FCC21CE6E65} = {62C49184-DB39-4433-A1FD-04DEF121E861}
		{A9C99CB9-27EF-42B7-A797-265434C7878E} = {62C49184-DB39-4433-A1FD-04DEF121E861}
		{8B9529F8-D579-4895-8970-E40BBC7C6AEB} = {62C49184-DB39-4433-A1FD-04DEF121E861}
		{8A48CE58-0894-4907-80B2-C5AD1D6C69EA} = {62C49184-DB39-4433-A1FD-04DEF121E861}
		{7550E823-C207-4D9E-939D-046AAF0FDA20} = {3589AED6-383C-4F21-8955-49CEA6B23205}
		{CCC2308D-FFA9-48AC-AC71-372793B59883} = {62C49184-DB39-4433-A1FD-04DEF121E861}
		{0A5A44BF-8A93-4CDC-AD94-FFBE1F9DB348} = {62C49184-DB39-4433-A1FD-04DEF121E861}
		{DE6261DC-6601-4538-B2DD-7B4030F66D6F} = {97E3BCFC-AA87-4E38-B40C-BAC477894F3E}
	EndGlobalSection
	GlobalSection(ExtensibilityGlobals) = postSolution
		SolutionGuid = {AC649799-8FD2-4F92-AA3A-8F513482FBDA}
	EndGlobalSection
EndGlobal
